
Microsoft Visual Studio Solution File, Format Version 12.00
# Visual Studio 15
Project("{FAE04EC0-301F-11D3-BF4B-00C04F79EFBC}") = "KartGame", "KartGame.csproj", "{D45DB50E-AAFF-BB9D-8B99-52D81453BF2A}"
EndProject
Project("{FAE04EC0-301F-11D3-BF4B-00C04F79EFBC}") = "KartGame.AI", "KartGame.AI.csproj", "{1F829222-4981-1E05-EE78-FD7016B982B7}"
EndProject
Project("{FAE04EC0-301F-11D3-BF4B-00C04F79EFBC}") = "Assembly-CSharp", "Assembly-CSharp.csproj", "{10057F33-356C-4E27-8E72-A1C87FDCAC64}"
EndProject
Project("{FAE04EC0-301F-11D3-BF4B-00C04F79EFBC}") = "KartGame.Editor", "KartGame.Editor.csproj", "{6322E078-04AC-7AD0-238C-BDC97EC07B6C}"
EndProject
Project("{FAE04EC0-301F-11D3-BF4B-00C04F79EFBC}") = "Unity.Karting.Tutorials", "Unity.Karting.Tutorials.csproj", "{E57D91A4-68F7-6DA9-4840-9044A37194A3}"
EndProject
Project("{FAE04EC0-301F-11D3-BF4B-00C04F79EFBC}") = "Unity.Microgame.Tutorials", "Unity.Microgame.Tutorials.csproj", "{8F60DCD0-CBE6-C7C1-6926-BDF9B673A6CE}"
EndProject
Project("{FAE04EC0-301F-11D3-BF4B-00C04F79EFBC}") = "KartGame.AI.Editor", "KartGame.AI.Editor.csproj", "{F2FE3BB4-118C-5F1D-44DA-0A8CF2940746}"
EndProject
Global
	GlobalSection(SolutionConfigurationPlatforms) = preSolution
		Debug|Any CPU = Debug|Any CPU
		Release|Any CPU = Release|Any CPU
	EndGlobalSection
	GlobalSection(ProjectConfigurationPlatforms) = postSolution
		{D45DB50E-AAFF-BB9D-8B99-52D81453BF2A}.Debug|Any CPU.ActiveCfg = Debug|Any CPU
		{D45DB50E-AAFF-BB9D-8B99-52D81453BF2A}.Debug|Any CPU.Build.0 = Debug|Any CPU
		{D45DB50E-AAFF-BB9D-8B99-52D81453BF2A}.Release|Any CPU.ActiveCfg = Release|Any CPU
		{D45DB50E-AAFF-BB9D-8B99-52D81453BF2A}.Release|Any CPU.Build.0 = Release|Any CPU
		{1F829222-4981-1E05-EE78-FD7016B982B7}.Debug|Any CPU.ActiveCfg = Debug|Any CPU
		{1F829222-4981-1E05-EE78-FD7016B982B7}.Debug|Any CPU.Build.0 = Debug|Any CPU
		{1F829222-4981-1E05-EE78-FD7016B982B7}.Release|Any CPU.ActiveCfg = Release|Any CPU
		{1F829222-4981-1E05-EE78-FD7016B982B7}.Release|Any CPU.Build.0 = Release|Any CPU
		{10057F33-356C-4E27-8E72-A1C87FDCAC64}.Debug|Any CPU.ActiveCfg = Debug|Any CPU
		{10057F33-356C-4E27-8E72-A1C87FDCAC64}.Debug|Any CPU.Build.0 = Debug|Any CPU
		{10057F33-356C-4E27-8E72-A1C87FDCAC64}.Release|Any CPU.ActiveCfg = Release|Any CPU
		{10057F33-356C-4E27-8E72-A1C87FDCAC64}.Release|Any CPU.Build.0 = Release|Any CPU
		{6322E078-04AC-7AD0-238C-BDC97EC07B6C}.Debug|Any CPU.ActiveCfg = Debug|Any CPU
		{6322E078-04AC-7AD0-238C-BDC97EC07B6C}.Debug|Any CPU.Build.0 = Debug|Any CPU
		{6322E078-04AC-7AD0-238C-BDC97EC07B6C}.Release|Any CPU.ActiveCfg = Release|Any CPU
		{6322E078-04AC-7AD0-238C-BDC97EC07B6C}.Release|Any CPU.Build.0 = Release|Any CPU
		{E57D91A4-68F7-6DA9-4840-9044A37194A3}.Debug|Any CPU.ActiveCfg = Debug|Any CPU
		{E57D91A4-68F7-6DA9-4840-9044A37194A3}.Debug|Any CPU.Build.0 = Debug|Any CPU
		{E57D91A4-68F7-6DA9-4840-9044A37194A3}.Release|Any CPU.ActiveCfg = Release|Any CPU
		{E57D91A4-68F7-6DA9-4840-9044A37194A3}.Release|Any CPU.Build.0 = Release|Any CPU
		{8F60DCD0-CBE6-C7C1-6926-BDF9B673A6CE}.Debug|Any CPU.ActiveCfg = Debug|Any CPU
		{8F60DCD0-CBE6-C7C1-6926-BDF9B673A6CE}.Debug|Any CPU.Build.0 = Debug|Any CPU
		{8F60DCD0-CBE6-C7C1-6926-BDF9B673A6CE}.Release|Any CPU.ActiveCfg = Release|Any CPU
		{8F60DCD0-CBE6-C7C1-6926-BDF9B673A6CE}.Release|Any CPU.Build.0 = Release|Any CPU
		{F2FE3BB4-118C-5F1D-44DA-0A8CF2940746}.Debug|Any CPU.ActiveCfg = Debug|Any CPU
		{F2FE3BB4-118C-5F1D-44DA-0A8CF2940746}.Debug|Any CPU.Build.0 = Debug|Any CPU
		{F2FE3BB4-118C-5F1D-44DA-0A8CF2940746}.Release|Any CPU.ActiveCfg = Release|Any CPU
		{F2FE3BB4-118C-5F1D-44DA-0A8CF2940746}.Release|Any CPU.Build.0 = Release|Any CPU
	EndGlobalSection
	GlobalSection(SolutionProperties) = preSolution
		HideSolutionNode = FALSE
	EndGlobalSection
EndGlobal
